{
    "_readme": [
        "This file locks the dependencies of your project to a known state",
        "Read more about it at https://getcomposer.org/doc/01-basic-usage.md#installing-dependencies",
        "This file is @generated automatically"
    ],
    "content-hash": "bcda24b197a26c90d787eec9fad9d8e5",
    "packages": [
        {
            "name": "workerman/channel",
            "version": "v1.0.6",
            "source": {
                "type": "git",
                "url": "https://github.com/walkor/channel.git",
                "reference": "bf6d837705738d875162a7344818e1bf02e8cef2"
            },
            "dist": {
                "type": "zip",
                "url": "https://api.github.com/repos/walkor/channel/zipball/bf6d837705738d875162a7344818e1bf02e8cef2",
                "reference": "bf6d837705738d875162a7344818e1bf02e8cef2",
                "shasum": ""
            },
            "require": {
                "workerman/workerman": ">=3.3.0"
            },
            "type": "library",
            "autoload": {
                "psr-4": {
                    "Channel\\": "./src"
                }
            },
            "notification-url": "https://packagist.org/downloads/",
            "license": [
                "MIT"
            ],
            "homepage": "http://www.workerman.net",
            "time": "2020-10-19T02:04:29+00:00"
        },
        {
            "name": "workerman/phpsocket.io",
            "version": "v1.1.12",
            "source": {
                "type": "git",
                "url": "https://github.com/walkor/phpsocket.io.git",
                "reference": "7c4fd8738344a2950897ea97532312e791b099b7"
            },
            "dist": {
                "type": "zip",
                "url": "https://api.github.com/repos/walkor/phpsocket.io/zipball/7c4fd8738344a2950897ea97532312e791b099b7",
                "reference": "7c4fd8738344a2950897ea97532312e791b099b7",
                "shasum": ""
            },
            "require": {
                "workerman/channel": ">=1.0.0",
                "workerman/workerman": ">=3.5.16"
            },
            "type": "library",
            "autoload": {
                "psr-4": {
                    "PHPSocketIO\\": "./src"
                }
            },
            "notification-url": "https://packagist.org/downloads/",
            "license": [
                "MIT"
            ],
            "homepage": "http://www.workerman.net",
            "keywords": [
                "Socket.io"
            ],
            "time": "2020-03-20T10:42:09+00:00"
        },
        {
            "name": "workerman/phpsocket.io-emitter",
            "version": "v1.0.1",
            "source": {
                "type": "git",
                "url": "https://github.com/walkor/phpsocket.io-emitter.git",
                "reference": "f29b9a428209a4eb242ac25134c11375b78e73fd"
            },
            "dist": {
                "type": "zip",
                "url": "https://api.github.com/repos/walkor/phpsocket.io-emitter/zipball/f29b9a428209a4eb242ac25134c11375b78e73fd",
                "reference": "f29b9a428209a4eb242ac25134c11375b78e73fd",
                "shasum": ""
            },
            "type": "project",
            "autoload": {
                "psr-4": {
                    "": "./src"
                }
            },
            "notification-url": "https://packagist.org/downloads/",
            "license": [
                "MIT"
            ],
            "homepage": "http://www.workerman.net",
            "time": "2016-06-14T09:10:26+00:00"
        },
        {
            "name": "workerman/workerman",
            "version": "v4.0.14",
            "source": {
                "type": "git",
                "url": "https://github.com/walkor/Workerman.git",
                "reference": "53c756ae72d9661bee25eca009435267f3c9f80c"
            },
            "dist": {
                "type": "zip",
                "url": "https://api.github.com/repos/walkor/Workerman/zipball/53c756ae72d9661bee25eca009435267f3c9f80c",
                "reference": "53c756ae72d9661bee25eca009435267f3c9f80c",
                "shasum": ""
            },
            "require": {
                "php": ">=5.3"
            },
            "suggest": {
                "ext-event": "For better performance. "
            },
            "type": "library",
            "autoload": {
                "psr-4": {
                    "Workerman\\": "./"
                }
            },
            "notification-url": "https://packagist.org/downloads/",
            "license": [
                "MIT"
            ],
            "authors": [
                {
                    "name": "walkor",
                    "email": "walkor@workerman.net",
                    "homepage": "http://www.workerman.net",
                    "role": "Developer"
                }
            ],
            "description": "An asynchronous event driven PHP framework for easily building fast, scalable network applications.",
            "homepage": "http://www.workerman.net",
            "keywords": [
                "asynchronous",
                "event-loop"
            ],
            "time": "2020-10-17T04:17:27+00:00"
        }
    ],
    "packages-dev": [],
    "aliases": [],
    "minimum-stability": "stable",
    "stability-flags": [],
    "prefer-stable": false,
    "prefer-lowest": false,
    "platform": [],
    "platform-dev": [],
    "plugin-api-version": "1.1.0"
}
